
Microsoft Visual Studio Solution File, Format Version 12.00
# Visual Studio Version 16
VisualStudioVersion = 16.0.30717.126
MinimumVisualStudioVersion = 10.0.40219.1
Project("{FAE04EC0-301F-11D3-BF4B-00C04F79EFBC}") = "UsbWorker", "UsbWorker\UsbWorker.csproj", "{DD657327-E49C-4B4B-8F3F-7AB2177BDB8C}"
EndProject
Global
	GlobalSection(SolutionConfigurationPlatforms) = preSolution
		Debug|Any CPU = Debug|Any CPU
		Release|Any CPU = Release|Any CPU
	EndGlobalSection
	GlobalSection(ProjectConfigurationPlatforms) = postSolution
		{DD657327-E49C-4B4B-8F3F-7AB2177BDB8C}.Debug|Any CPU.ActiveCfg = Debug|Any CPU
		{DD657327-E49C-4B4B-8F3F-7AB2177BDB8C}.Debug|Any CPU.Build.0 = Debug|Any CPU
		{DD657327-E49C-4B4B-8F3F-7AB2177BDB8C}.Release|Any CPU.ActiveCfg = Release|Any CPU
		{DD657327-E49C-4B4B-8F3F-7AB2177BDB8C}.Release|Any CPU.Build.0 = Release|Any CPU
	EndGlobalSection
	GlobalSection(SolutionProperties) = preSolution
		HideSolutionNode = FALSE
	EndGlobalSection
	GlobalSection(ExtensibilityGlobals) = postSolution
		SolutionGuid = {94A8E9B9-AF09-47F3-B08B-8B45207BFC5B}
	EndGlobalSection
EndGlobal
